PODS:
  - FlutterMacOS (1.0.0)
  - rust_lib_frostsnapp (0.0.1):
    - FlutterMacOS

DEPENDENCIES:
  - FlutterMacOS (from `Flutter/ephemeral`)
  - rust_lib_frostsnapp (from `Flutter/ephemeral/.symlinks/plugins/rust_lib_frostsnapp/macos`)

EXTERNAL SOURCES:
  FlutterMacOS:
    :path: Flutter/ephemeral
  rust_lib_frostsnapp:
    :path: Flutter/ephemeral/.symlinks/plugins/rust_lib_frostsnapp/macos

SPEC CHECKSUMS:
  FlutterMacOS: 8f6f14fa908a6fb3fba0cd85dbd81ec4b251fb24
  rust_lib_frostsnapp: 9fd916be26802205adc7a027d4ae0248a5052d9a

PODFILE CHECKSUM: 236401fc2c932af29a9fcf0e97baeeb2d750d367

COCOAPODS: 1.16.2
